// !$*UTF8*$!
{
	archiveVersion = 1;
	classes = {
	};
	objectVersion = 56;
	objects = {

/* Begin PBXBuildFile section */
		9705C19C2C0259610049ECC7 /* NSEntityDescription+Assertions.swift in Sources */ = {isa = PBXBuildFile; fileRef = 9705C19B2C0259610049ECC7 /* NSEntityDescription+Assertions.swift */; };
		971A66602B25F57600125DAC /* EssentialFeed.framework in Frameworks */ = {isa = PBXBuildFile; fileRef = 971A66572B25F57500125DAC /* EssentialFeed.framework */; };
		971A66702B25F59D00125DAC /* FeedImage.swift in Sources */ = {isa = PBXBuildFile; fileRef = 971A666F2B25F59D00125DAC /* FeedImage.swift */; };
		971A66722B25F65B00125DAC /* FeedLoader.swift in Sources */ = {isa = PBXBuildFile; fileRef = 971A66712B25F65B00125DAC /* FeedLoader.swift */; };
		971A66752B25F7CE00125DAC /* LoadFeedFromRemoteUseCaseTests.swift in Sources */ = {isa = PBXBuildFile; fileRef = 971A66742B25F7CE00125DAC /* LoadFeedFromRemoteUseCaseTests.swift */; };
		971A66782B2604F700125DAC /* RemoteFeedLoader.swift in Sources */ = {isa = PBXBuildFile; fileRef = 971A66772B2604F700125DAC /* RemoteFeedLoader.swift */; };
		9723E7F72C07CB43001051A8 /* EssentialFeediOS.framework in Frameworks */ = {isa = PBXBuildFile; fileRef = 9723E7EF2C07CB43001051A8 /* EssentialFeediOS.framework */; };
		97356DDE2BFFE4A0007B2149 /* ValidateFeedCacheUseCaseTests.swift in Sources */ = {isa = PBXBuildFile; fileRef = 97356DDD2BFFE4A0007B2149 /* ValidateFeedCacheUseCaseTests.swift */; };
		97356DE02BFFE812007B2149 /* FeedCacheTestHelpers.swift in Sources */ = {isa = PBXBuildFile; fileRef = 97356DDF2BFFE812007B2149 /* FeedCacheTestHelpers.swift */; };
		97356DE22BFFE897007B2149 /* SharedTestHelpers.swift in Sources */ = {isa = PBXBuildFile; fileRef = 97356DE12BFFE897007B2149 /* SharedTestHelpers.swift */; };
		97356DE42BFFF003007B2149 /* FeedCachePolicy.swift in Sources */ = {isa = PBXBuildFile; fileRef = 97356DE32BFFF003007B2149 /* FeedCachePolicy.swift */; };
		97373F252C021FFE006B2825 /* NSManagedObjectContext+Helpers.swift in Sources */ = {isa = PBXBuildFile; fileRef = 97373F242C021FFE006B2825 /* NSManagedObjectContext+Helpers.swift */; };
		974C42E82BFE43D600BA7100 /* LocalFeedLoader.swift in Sources */ = {isa = PBXBuildFile; fileRef = 974C42E72BFE43D600BA7100 /* LocalFeedLoader.swift */; };
		974C42EA2BFE446D00BA7100 /* FeedStore.swift in Sources */ = {isa = PBXBuildFile; fileRef = 974C42E92BFE446D00BA7100 /* FeedStore.swift */; };
		975AF93D2BFD3C580051469D /* CacheFeedUseCaseTests.swift in Sources */ = {isa = PBXBuildFile; fileRef = 975AF93C2BFD3C580051469D /* CacheFeedUseCaseTests.swift */; };
		977617E22C051FED00AEBB51 /* XCTTestCase+MemoryLeakTracking.swift in Sources */ = {isa = PBXBuildFile; fileRef = 97A592892BFA92D700ED59CA /* XCTTestCase+MemoryLeakTracking.swift */; };
		977617E32C05273800AEBB51 /* FeedCacheTestHelpers.swift in Sources */ = {isa = PBXBuildFile; fileRef = 97356DDF2BFFE812007B2149 /* FeedCacheTestHelpers.swift */; };
		977617E42C05275000AEBB51 /* SharedTestHelpers.swift in Sources */ = {isa = PBXBuildFile; fileRef = 97356DE12BFFE897007B2149 /* SharedTestHelpers.swift */; };
		9777FBA62B27BF05004DF1E3 /* HTTPClient.swift in Sources */ = {isa = PBXBuildFile; fileRef = 9777FBA52B27BF05004DF1E3 /* HTTPClient.swift */; };
		9777FBA82B27BF77004DF1E3 /* FeedItemsMapper.swift in Sources */ = {isa = PBXBuildFile; fileRef = 9777FBA72B27BF77004DF1E3 /* FeedItemsMapper.swift */; };
		9777FBAB2B2901A2004DF1E3 /* URLSessionHTTPClientTests.swift in Sources */ = {isa = PBXBuildFile; fileRef = 9777FBAA2B2901A2004DF1E3 /* URLSessionHTTPClientTests.swift */; };
		9795D6E82BFE898900650FD7 /* RemoteFeedItem.swift in Sources */ = {isa = PBXBuildFile; fileRef = 9795D6E72BFE898900650FD7 /* RemoteFeedItem.swift */; };
		9795D6EA2BFE89D700650FD7 /* LocalFeedImage.swift in Sources */ = {isa = PBXBuildFile; fileRef = 9795D6E92BFE89D700650FD7 /* LocalFeedImage.swift */; };
		9795D6EC2BFE8DAE00650FD7 /* LoadFeedFromCacheUseCaseTests.swift in Sources */ = {isa = PBXBuildFile; fileRef = 9795D6EB2BFE8DAE00650FD7 /* LoadFeedFromCacheUseCaseTests.swift */; };
		9795D6EF2BFE8EEB00650FD7 /* FeedStoreSpy.swift in Sources */ = {isa = PBXBuildFile; fileRef = 9795D6EE2BFE8EEB00650FD7 /* FeedStoreSpy.swift */; };
		979C0FF02C0202F80069A60E /* FeedStroreSpecs.swift in Sources */ = {isa = PBXBuildFile; fileRef = 979C0FEF2C0202F80069A60E /* FeedStroreSpecs.swift */; };
		979C0FF22C0203770069A60E /* XCTestCase+FeedStoreSpecs.swift in Sources */ = {isa = PBXBuildFile; fileRef = 979C0FF12C0203770069A60E /* XCTestCase+FeedStoreSpecs.swift */; };
		979C0FFA2C020AE30069A60E /* EssentialFeedCacheIntegrationTests.swift in Sources */ = {isa = PBXBuildFile; fileRef = 979C0FF92C020AE30069A60E /* EssentialFeedCacheIntegrationTests.swift */; };
		979C0FFB2C020AE30069A60E /* EssentialFeed.framework in Frameworks */ = {isa = PBXBuildFile; fileRef = 971A66572B25F57500125DAC /* EssentialFeed.framework */; };
		979C10032C020DFA0069A60E /* CoreDataFeedStore.swift in Sources */ = {isa = PBXBuildFile; fileRef = 979C10022C020DFA0069A60E /* CoreDataFeedStore.swift */; };
		979C10052C020EEE0069A60E /* CoreDataHelpers.swift in Sources */ = {isa = PBXBuildFile; fileRef = 979C10042C020EEE0069A60E /* CoreDataHelpers.swift */; };
		979C10082C020F6E0069A60E /* CoreDataFeedStoreTests.swift in Sources */ = {isa = PBXBuildFile; fileRef = 979C10072C020F6E0069A60E /* CoreDataFeedStoreTests.swift */; };
		979C100B2C0211720069A60E /* FeedStore.xcdatamodeld in Sources */ = {isa = PBXBuildFile; fileRef = 979C10092C0211720069A60E /* FeedStore.xcdatamodeld */; };
		979C100D2C0212C00069A60E /* NSManagedObjectContext+Stub.swift in Sources */ = {isa = PBXBuildFile; fileRef = 979C100C2C0212C00069A60E /* NSManagedObjectContext+Stub.swift */; };
		97A5928A2BFA92D700ED59CA /* XCTTestCase+MemoryLeakTracking.swift in Sources */ = {isa = PBXBuildFile; fileRef = 97A592892BFA92D700ED59CA /* XCTTestCase+MemoryLeakTracking.swift */; };
		97A5928C2BFAA2DE00ED59CA /* URLSessionHttpClient.swift in Sources */ = {isa = PBXBuildFile; fileRef = 97A5928B2BFAA2DE00ED59CA /* URLSessionHttpClient.swift */; };
		97A882FA2C091DC400397A0D /* FeedUIIntergrationTests.swift in Sources */ = {isa = PBXBuildFile; fileRef = 97688A142C0916F300BD2912 /* FeedUIIntergrationTests.swift */; };
		97A882FC2C091E1700397A0D /* EssentialFeed.framework in Frameworks */ = {isa = PBXBuildFile; fileRef = 971A66572B25F57500125DAC /* EssentialFeed.framework */; platformFilter = ios; };
		97A882FD2C091E1700397A0D /* EssentialFeed.framework in Embed Frameworks */ = {isa = PBXBuildFile; fileRef = 971A66572B25F57500125DAC /* EssentialFeed.framework */; platformFilter = ios; settings = {ATTRIBUTES = (CodeSignOnCopy, RemoveHeadersOnCopy, ); }; };
		97A883012C091E6600397A0D /* XCTTestCase+MemoryLeakTracking.swift in Sources */ = {isa = PBXBuildFile; fileRef = 97A592892BFA92D700ED59CA /* XCTTestCase+MemoryLeakTracking.swift */; };
		97F224372BFBDB5700B656FF /* EssentialFeedAPIEndToEndTests.swift in Sources */ = {isa = PBXBuildFile; fileRef = 97F224362BFBDB5700B656FF /* EssentialFeedAPIEndToEndTests.swift */; };
		97F224382BFBDB5700B656FF /* EssentialFeed.framework in Frameworks */ = {isa = PBXBuildFile; fileRef = 971A66572B25F57500125DAC /* EssentialFeed.framework */; };
		97F2243E2BFBE24000B656FF /* XCTTestCase+MemoryLeakTracking.swift in Sources */ = {isa = PBXBuildFile; fileRef = 97A592892BFA92D700ED59CA /* XCTTestCase+MemoryLeakTracking.swift */; };
		FF24CD442DE4EBF900347732 /* Feed.storyboard in Resources */ = {isa = PBXBuildFile; fileRef = FF24CD432DE4EBF900347732 /* Feed.storyboard */; };
		FF24CD462DE4ECAC00347732 /* Feed.xcassets in Resources */ = {isa = PBXBuildFile; fileRef = FF24CD452DE4ECAC00347732 /* Feed.xcassets */; };
		FF24CD482DE4F92900347732 /* UITableView+Dequeueing.swift in Sources */ = {isa = PBXBuildFile; fileRef = FF24CD472DE4F92900347732 /* UITableView+Dequeueing.swift */; };
		FF24CD4A2DE4F9A300347732 /* UIImageView+Animations.swift in Sources */ = {isa = PBXBuildFile; fileRef = FF24CD492DE4F99D00347732 /* UIImageView+Animations.swift */; };
		FF6944792DE3A66D00FB5177 /* FeedImageDataLoader.swift in Sources */ = {isa = PBXBuildFile; fileRef = FF6944772DE3A66D00FB5177 /* FeedImageDataLoader.swift */; };
		FF6944872DE3A67900FB5177 /* FeedUIComposer.swift in Sources */ = {isa = PBXBuildFile; fileRef = FF69447A2DE3A67900FB5177 /* FeedUIComposer.swift */; };
		FF6944882DE3A67900FB5177 /* FeedImageCellController.swift in Sources */ = {isa = PBXBuildFile; fileRef = FF69447C2DE3A67900FB5177 /* FeedImageCellController.swift */; };
		FF69448A2DE3A67900FB5177 /* FeedViewController.swift in Sources */ = {isa = PBXBuildFile; fileRef = FF69447E2DE3A67900FB5177 /* FeedViewController.swift */; };
		FF69448B2DE3A67900FB5177 /* FeedImageViewModel.swift in Sources */ = {isa = PBXBuildFile; fileRef = FF6944802DE3A67900FB5177 /* FeedImageViewModel.swift */; };
		FF69448D2DE3A67900FB5177 /* FeedImageCell.swift in Sources */ = {isa = PBXBuildFile; fileRef = FF6944832DE3A67900FB5177 /* FeedImageCell.swift */; };
		FF69448E2DE3A67900FB5177 /* UIView+Shimmering.swift in Sources */ = {isa = PBXBuildFile; fileRef = FF6944842DE3A67900FB5177 /* UIView+Shimmering.swift */; };
		FF6944982DE3A67C00FB5177 /* FeedImageCell+TestHelpers.swift in Sources */ = {isa = PBXBuildFile; fileRef = FF69448F2DE3A67C00FB5177 /* FeedImageCell+TestHelpers.swift */; };
		FF6944992DE3A67C00FB5177 /* FeedViewController+TestHelpers.swift in Sources */ = {isa = PBXBuildFile; fileRef = FF6944902DE3A67C00FB5177 /* FeedViewController+TestHelpers.swift */; };
		FF69449A2DE3A67C00FB5177 /* FeedViewControlleTests+Assertions.swift in Sources */ = {isa = PBXBuildFile; fileRef = FF6944912DE3A67C00FB5177 /* FeedViewControlleTests+Assertions.swift */; };
		FF69449B2DE3A67C00FB5177 /* LoaderSpy+TestHelpers.swift in Sources */ = {isa = PBXBuildFile; fileRef = FF6944922DE3A67C00FB5177 /* LoaderSpy+TestHelpers.swift */; };
		FF69449C2DE3A67C00FB5177 /* UIButton+TestHelpers.swift in Sources */ = {isa = PBXBuildFile; fileRef = FF6944932DE3A67C00FB5177 /* UIButton+TestHelpers.swift */; };
		FF69449D2DE3A67C00FB5177 /* UIControl+TestHelpers.swift in Sources */ = {isa = PBXBuildFile; fileRef = FF6944942DE3A67C00FB5177 /* UIControl+TestHelpers.swift */; };
		FF69449E2DE3A67C00FB5177 /* UIImage+TestHelpers.swift in Sources */ = {isa = PBXBuildFile; fileRef = FF6944952DE3A67C00FB5177 /* UIImage+TestHelpers.swift */; };
		FF69449F2DE3A67C00FB5177 /* UIRefreshControl+TestHelpers.swift in Sources */ = {isa = PBXBuildFile; fileRef = FF6944962DE3A67C00FB5177 /* UIRefreshControl+TestHelpers.swift */; };
		FF6944A22DE3A7AA00FB5177 /* FeedPresenter.swift in Sources */ = {isa = PBXBuildFile; fileRef = FF6944A12DE3A7AA00FB5177 /* FeedPresenter.swift */; };
		FF6944A42DE3B3E600FB5177 /* FeedImagePresenter.swift in Sources */ = {isa = PBXBuildFile; fileRef = FF6944A32DE3B3E600FB5177 /* FeedImagePresenter.swift */; };
		FF6944A62DE3B66700FB5177 /* FeedViewModel.swift in Sources */ = {isa = PBXBuildFile; fileRef = FF6944A52DE3B66700FB5177 /* FeedViewModel.swift */; };
		FF6944A82DE3B67A00FB5177 /* FeedLoadingViewModel.swift in Sources */ = {isa = PBXBuildFile; fileRef = FF6944A72DE3B67A00FB5177 /* FeedLoadingViewModel.swift */; };
		FFF0C5142DE8FED10025B01B /* Feed.xcstrings in Resources */ = {isa = PBXBuildFile; fileRef = FFF0C5132DE8FED10025B01B /* Feed.xcstrings */; };
		FFF0C5162DE900A80025B01B /* FeedViewControllerTests+Localization.swift in Sources */ = {isa = PBXBuildFile; fileRef = FFF0C5152DE900A80025B01B /* FeedViewControllerTests+Localization.swift */; };
/* End PBXBuildFile section */

/* Begin PBXContainerItemProxy section */
		971A66612B25F57600125DAC /* PBXContainerItemProxy */ = {
			isa = PBXContainerItemProxy;
			containerPortal = 971A664E2B25F57500125DAC /* Project object */;
			proxyType = 1;
			remoteGlobalIDString = 971A66562B25F57500125DAC;
			remoteInfo = EssentialFeed;
		};
		9723E7F82C07CB43001051A8 /* PBXContainerItemProxy */ = {
			isa = PBXContainerItemProxy;
			containerPortal = 971A664E2B25F57500125DAC /* Project object */;
			proxyType = 1;
			remoteGlobalIDString = 9723E7EE2C07CB42001051A8;
			remoteInfo = EssentialFeediOS;
		};
		979C0FFC2C020AE30069A60E /* PBXContainerItemProxy */ = {
			isa = PBXContainerItemProxy;
			containerPortal = 971A664E2B25F57500125DAC /* Project object */;
			proxyType = 1;
			remoteGlobalIDString = 971A66562B25F57500125DAC;
			remoteInfo = EssentialFeed;
		};
		97A882FE2C091E1700397A0D /* PBXContainerItemProxy */ = {
			isa = PBXContainerItemProxy;
			containerPortal = 971A664E2B25F57500125DAC /* Project object */;
			proxyType = 1;
			remoteGlobalIDString = 971A66562B25F57500125DAC;
			remoteInfo = EssentialFeed;
		};
		97F224392BFBDB5700B656FF /* PBXContainerItemProxy */ = {
			isa = PBXContainerItemProxy;
			containerPortal = 971A664E2B25F57500125DAC /* Project object */;
			proxyType = 1;
			remoteGlobalIDString = 971A66562B25F57500125DAC;
			remoteInfo = EssentialFeed;
		};
/* End PBXContainerItemProxy section */

/* Begin PBXCopyFilesBuildPhase section */
		97A883002C091E1700397A0D /* Embed Frameworks */ = {
			isa = PBXCopyFilesBuildPhase;
			buildActionMask = 2147483647;
			dstPath = "";
			dstSubfolderSpec = 10;
			files = (
				97A882FD2C091E1700397A0D /* EssentialFeed.framework in Embed Frameworks */,
			);
			name = "Embed Frameworks";
			runOnlyForDeploymentPostprocessing = 0;
		};
/* End PBXCopyFilesBuildPhase section */

/* Begin PBXFileReference section */
		9705C19B2C0259610049ECC7 /* NSEntityDescription+Assertions.swift */ = {isa = PBXFileReference; lastKnownFileType = sourcecode.swift; path = "NSEntityDescription+Assertions.swift"; sourceTree = "<group>"; };
		971A66572B25F57500125DAC /* EssentialFeed.framework */ = {isa = PBXFileReference; explicitFileType = wrapper.framework; includeInIndex = 0; path = EssentialFeed.framework; sourceTree = BUILT_PRODUCTS_DIR; };
		971A665F2B25F57600125DAC /* EssentialFeedTests.xctest */ = {isa = PBXFileReference; explicitFileType = wrapper.cfbundle; includeInIndex = 0; path = EssentialFeedTests.xctest; sourceTree = BUILT_PRODUCTS_DIR; };
		971A666F2B25F59D00125DAC /* FeedImage.swift */ = {isa = PBXFileReference; lastKnownFileType = sourcecode.swift; path = FeedImage.swift; sourceTree = "<group>"; };
		971A66712B25F65B00125DAC /* FeedLoader.swift */ = {isa = PBXFileReference; lastKnownFileType = sourcecode.swift; path = FeedLoader.swift; sourceTree = "<group>"; };
		971A66742B25F7CE00125DAC /* LoadFeedFromRemoteUseCaseTests.swift */ = {isa = PBXFileReference; lastKnownFileType = sourcecode.swift; path = LoadFeedFromRemoteUseCaseTests.swift; sourceTree = "<group>"; };
		971A66772B2604F700125DAC /* RemoteFeedLoader.swift */ = {isa = PBXFileReference; lastKnownFileType = sourcecode.swift; path = RemoteFeedLoader.swift; sourceTree = "<group>"; };
		9723E7EF2C07CB43001051A8 /* EssentialFeediOS.framework */ = {isa = PBXFileReference; explicitFileType = wrapper.framework; includeInIndex = 0; path = EssentialFeediOS.framework; sourceTree = BUILT_PRODUCTS_DIR; };
		9723E7F62C07CB43001051A8 /* EssentialFeediOSTests.xctest */ = {isa = PBXFileReference; explicitFileType = wrapper.cfbundle; includeInIndex = 0; path = EssentialFeediOSTests.xctest; sourceTree = BUILT_PRODUCTS_DIR; };
		97356DDD2BFFE4A0007B2149 /* ValidateFeedCacheUseCaseTests.swift */ = {isa = PBXFileReference; lastKnownFileType = sourcecode.swift; path = ValidateFeedCacheUseCaseTests.swift; sourceTree = "<group>"; };
		97356DDF2BFFE812007B2149 /* FeedCacheTestHelpers.swift */ = {isa = PBXFileReference; lastKnownFileType = sourcecode.swift; path = FeedCacheTestHelpers.swift; sourceTree = "<group>"; };
		97356DE12BFFE897007B2149 /* SharedTestHelpers.swift */ = {isa = PBXFileReference; lastKnownFileType = sourcecode.swift; path = SharedTestHelpers.swift; sourceTree = "<group>"; };
		97356DE32BFFF003007B2149 /* FeedCachePolicy.swift */ = {isa = PBXFileReference; lastKnownFileType = sourcecode.swift; path = FeedCachePolicy.swift; sourceTree = "<group>"; };
		97373F242C021FFE006B2825 /* NSManagedObjectContext+Helpers.swift */ = {isa = PBXFileReference; lastKnownFileType = sourcecode.swift; path = "NSManagedObjectContext+Helpers.swift"; sourceTree = "<group>"; };
		974C42E72BFE43D600BA7100 /* LocalFeedLoader.swift */ = {isa = PBXFileReference; lastKnownFileType = sourcecode.swift; path = LocalFeedLoader.swift; sourceTree = "<group>"; };
		974C42E92BFE446D00BA7100 /* FeedStore.swift */ = {isa = PBXFileReference; lastKnownFileType = sourcecode.swift; path = FeedStore.swift; sourceTree = "<group>"; };
		975AF93C2BFD3C580051469D /* CacheFeedUseCaseTests.swift */ = {isa = PBXFileReference; lastKnownFileType = sourcecode.swift; path = CacheFeedUseCaseTests.swift; sourceTree = "<group>"; };
		97688A142C0916F300BD2912 /* FeedUIIntergrationTests.swift */ = {isa = PBXFileReference; lastKnownFileType = sourcecode.swift; path = FeedUIIntergrationTests.swift; sourceTree = "<group>"; };
		9777FBA52B27BF05004DF1E3 /* HTTPClient.swift */ = {isa = PBXFileReference; lastKnownFileType = sourcecode.swift; path = HTTPClient.swift; sourceTree = "<group>"; };
		9777FBA72B27BF77004DF1E3 /* FeedItemsMapper.swift */ = {isa = PBXFileReference; lastKnownFileType = sourcecode.swift; path = FeedItemsMapper.swift; sourceTree = "<group>"; };
		9777FBAA2B2901A2004DF1E3 /* URLSessionHTTPClientTests.swift */ = {isa = PBXFileReference; lastKnownFileType = sourcecode.swift; path = URLSessionHTTPClientTests.swift; sourceTree = "<group>"; };
		9795D6E72BFE898900650FD7 /* RemoteFeedItem.swift */ = {isa = PBXFileReference; lastKnownFileType = sourcecode.swift; path = RemoteFeedItem.swift; sourceTree = "<group>"; };
		9795D6E92BFE89D700650FD7 /* LocalFeedImage.swift */ = {isa = PBXFileReference; lastKnownFileType = sourcecode.swift; path = LocalFeedImage.swift; sourceTree = "<group>"; };
		9795D6EB2BFE8DAE00650FD7 /* LoadFeedFromCacheUseCaseTests.swift */ = {isa = PBXFileReference; lastKnownFileType = sourcecode.swift; path = LoadFeedFromCacheUseCaseTests.swift; sourceTree = "<group>"; };
		9795D6EE2BFE8EEB00650FD7 /* FeedStoreSpy.swift */ = {isa = PBXFileReference; lastKnownFileType = sourcecode.swift; path = FeedStoreSpy.swift; sourceTree = "<group>"; };
		979C0FEF2C0202F80069A60E /* FeedStroreSpecs.swift */ = {isa = PBXFileReference; lastKnownFileType = sourcecode.swift; path = FeedStroreSpecs.swift; sourceTree = "<group>"; };
		979C0FF12C0203770069A60E /* XCTestCase+FeedStoreSpecs.swift */ = {isa = PBXFileReference; lastKnownFileType = sourcecode.swift; path = "XCTestCase+FeedStoreSpecs.swift"; sourceTree = "<group>"; };
		979C0FF72C020AE30069A60E /* EssentialFeedCacheIntegrationTests.xctest */ = {isa = PBXFileReference; explicitFileType = wrapper.cfbundle; includeInIndex = 0; path = EssentialFeedCacheIntegrationTests.xctest; sourceTree = BUILT_PRODUCTS_DIR; };
		979C0FF92C020AE30069A60E /* EssentialFeedCacheIntegrationTests.swift */ = {isa = PBXFileReference; lastKnownFileType = sourcecode.swift; path = EssentialFeedCacheIntegrationTests.swift; sourceTree = "<group>"; };
		979C10012C020B210069A60E /* EssentialFeedCacheIntegrationTests.xctestplan */ = {isa = PBXFileReference; lastKnownFileType = text; path = EssentialFeedCacheIntegrationTests.xctestplan; sourceTree = "<group>"; };
		979C10022C020DFA0069A60E /* CoreDataFeedStore.swift */ = {isa = PBXFileReference; lastKnownFileType = sourcecode.swift; path = CoreDataFeedStore.swift; sourceTree = "<group>"; };
		979C10042C020EEE0069A60E /* CoreDataHelpers.swift */ = {isa = PBXFileReference; lastKnownFileType = sourcecode.swift; path = CoreDataHelpers.swift; sourceTree = "<group>"; };
		979C10072C020F6E0069A60E /* CoreDataFeedStoreTests.swift */ = {isa = PBXFileReference; lastKnownFileType = sourcecode.swift; path = CoreDataFeedStoreTests.swift; sourceTree = "<group>"; };
		979C100A2C0211720069A60E /* FeedStore.xcdatamodel */ = {isa = PBXFileReference; lastKnownFileType = wrapper.xcdatamodel; path = FeedStore.xcdatamodel; sourceTree = "<group>"; };
		979C100C2C0212C00069A60E /* NSManagedObjectContext+Stub.swift */ = {isa = PBXFileReference; lastKnownFileType = sourcecode.swift; path = "NSManagedObjectContext+Stub.swift"; sourceTree = "<group>"; };
		97A592892BFA92D700ED59CA /* XCTTestCase+MemoryLeakTracking.swift */ = {isa = PBXFileReference; lastKnownFileType = sourcecode.swift; path = "XCTTestCase+MemoryLeakTracking.swift"; sourceTree = "<group>"; };
		97A5928B2BFAA2DE00ED59CA /* URLSessionHttpClient.swift */ = {isa = PBXFileReference; lastKnownFileType = sourcecode.swift; path = URLSessionHttpClient.swift; sourceTree = "<group>"; };
		97A882F42C09199700397A0D /* XCTest.framework */ = {isa = PBXFileReference; lastKnownFileType = wrapper.framework; name = XCTest.framework; path = Platforms/iPhoneOS.platform/Developer/Library/Frameworks/XCTest.framework; sourceTree = DEVELOPER_DIR; };
		97A882FB2C091DF300397A0D /* EssentialFeediOS.xctestplan */ = {isa = PBXFileReference; lastKnownFileType = text; path = EssentialFeediOS.xctestplan; sourceTree = "<group>"; };
		97BF7C222BFBE35A007CFFC0 /* EssentialFeedAPIEndToEndTests.xctestplan */ = {isa = PBXFileReference; lastKnownFileType = text; path = EssentialFeedAPIEndToEndTests.xctestplan; sourceTree = "<group>"; };
		97F2242F2BFBD7B200B656FF /* EssentialFeed.xctestplan */ = {isa = PBXFileReference; lastKnownFileType = text; path = EssentialFeed.xctestplan; sourceTree = "<group>"; };
		97F224342BFBDB5700B656FF /* EssentialFeedAPIEndToEndTests.xctest */ = {isa = PBXFileReference; explicitFileType = wrapper.cfbundle; includeInIndex = 0; path = EssentialFeedAPIEndToEndTests.xctest; sourceTree = BUILT_PRODUCTS_DIR; };
		97F224362BFBDB5700B656FF /* EssentialFeedAPIEndToEndTests.swift */ = {isa = PBXFileReference; lastKnownFileType = sourcecode.swift; path = EssentialFeedAPIEndToEndTests.swift; sourceTree = "<group>"; };
		97F57F9C2C07CDE300EEAA7F /* CI_macOS.xctestplan */ = {isa = PBXFileReference; lastKnownFileType = text; path = CI_macOS.xctestplan; sourceTree = "<group>"; };
		97F57F9D2C07CE2A00EEAA7F /* CI_iOS.xctestplan */ = {isa = PBXFileReference; lastKnownFileType = text; name = CI_iOS.xctestplan; path = ../CI_iOS.xctestplan; sourceTree = "<group>"; };
		FF24CD432DE4EBF900347732 /* Feed.storyboard */ = {isa = PBXFileReference; lastKnownFileType = file.storyboard; path = Feed.storyboard; sourceTree = "<group>"; };
		FF24CD452DE4ECAC00347732 /* Feed.xcassets */ = {isa = PBXFileReference; lastKnownFileType = folder.assetcatalog; path = Feed.xcassets; sourceTree = "<group>"; };
		FF24CD472DE4F92900347732 /* UITableView+Dequeueing.swift */ = {isa = PBXFileReference; lastKnownFileType = sourcecode.swift; path = "UITableView+Dequeueing.swift"; sourceTree = "<group>"; };
		FF24CD492DE4F99D00347732 /* UIImageView+Animations.swift */ = {isa = PBXFileReference; lastKnownFileType = sourcecode.swift; path = "UIImageView+Animations.swift"; sourceTree = "<group>"; };
		FF6944772DE3A66D00FB5177 /* FeedImageDataLoader.swift */ = {isa = PBXFileReference; lastKnownFileType = sourcecode.swift; path = FeedImageDataLoader.swift; sourceTree = "<group>"; };
		FF69447A2DE3A67900FB5177 /* FeedUIComposer.swift */ = {isa = PBXFileReference; lastKnownFileType = sourcecode.swift; path = FeedUIComposer.swift; sourceTree = "<group>"; };
		FF69447C2DE3A67900FB5177 /* FeedImageCellController.swift */ = {isa = PBXFileReference; lastKnownFileType = sourcecode.swift; path = FeedImageCellController.swift; sourceTree = "<group>"; };
		FF69447E2DE3A67900FB5177 /* FeedViewController.swift */ = {isa = PBXFileReference; lastKnownFileType = sourcecode.swift; path = FeedViewController.swift; sourceTree = "<group>"; };
		FF6944802DE3A67900FB5177 /* FeedImageViewModel.swift */ = {isa = PBXFileReference; lastKnownFileType = sourcecode.swift; path = FeedImageViewModel.swift; sourceTree = "<group>"; };
		FF6944832DE3A67900FB5177 /* FeedImageCell.swift */ = {isa = PBXFileReference; lastKnownFileType = sourcecode.swift; path = FeedImageCell.swift; sourceTree = "<group>"; };
		FF6944842DE3A67900FB5177 /* UIView+Shimmering.swift */ = {isa = PBXFileReference; lastKnownFileType = sourcecode.swift; path = "UIView+Shimmering.swift"; sourceTree = "<group>"; };
		FF69448F2DE3A67C00FB5177 /* FeedImageCell+TestHelpers.swift */ = {isa = PBXFileReference; lastKnownFileType = sourcecode.swift; path = "FeedImageCell+TestHelpers.swift"; sourceTree = "<group>"; };
		FF6944902DE3A67C00FB5177 /* FeedViewController+TestHelpers.swift */ = {isa = PBXFileReference; lastKnownFileType = sourcecode.swift; path = "FeedViewController+TestHelpers.swift"; sourceTree = "<group>"; };
		FF6944912DE3A67C00FB5177 /* FeedViewControlleTests+Assertions.swift */ = {isa = PBXFileReference; lastKnownFileType = sourcecode.swift; path = "FeedViewControlleTests+Assertions.swift"; sourceTree = "<group>"; };
		FF6944922DE3A67C00FB5177 /* LoaderSpy+TestHelpers.swift */ = {isa = PBXFileReference; lastKnownFileType = sourcecode.swift; path = "LoaderSpy+TestHelpers.swift"; sourceTree = "<group>"; };
		FF6944932DE3A67C00FB5177 /* UIButton+TestHelpers.swift */ = {isa = PBXFileReference; lastKnownFileType = sourcecode.swift; path = "UIButton+TestHelpers.swift"; sourceTree = "<group>"; };
		FF6944942DE3A67C00FB5177 /* UIControl+TestHelpers.swift */ = {isa = PBXFileReference; lastKnownFileType = sourcecode.swift; path = "UIControl+TestHelpers.swift"; sourceTree = "<group>"; };
		FF6944952DE3A67C00FB5177 /* UIImage+TestHelpers.swift */ = {isa = PBXFileReference; lastKnownFileType = sourcecode.swift; path = "UIImage+TestHelpers.swift"; sourceTree = "<group>"; };
		FF6944962DE3A67C00FB5177 /* UIRefreshControl+TestHelpers.swift */ = {isa = PBXFileReference; lastKnownFileType = sourcecode.swift; path = "UIRefreshControl+TestHelpers.swift"; sourceTree = "<group>"; };
		FF6944A12DE3A7AA00FB5177 /* FeedPresenter.swift */ = {isa = PBXFileReference; lastKnownFileType = sourcecode.swift; path = FeedPresenter.swift; sourceTree = "<group>"; };
		FF6944A32DE3B3E600FB5177 /* FeedImagePresenter.swift */ = {isa = PBXFileReference; lastKnownFileType = sourcecode.swift; path = FeedImagePresenter.swift; sourceTree = "<group>"; };
		FF6944A52DE3B66700FB5177 /* FeedViewModel.swift */ = {isa = PBXFileReference; lastKnownFileType = sourcecode.swift; path = FeedViewModel.swift; sourceTree = "<group>"; };
		FF6944A72DE3B67A00FB5177 /* FeedLoadingViewModel.swift */ = {isa = PBXFileReference; lastKnownFileType = sourcecode.swift; path = FeedLoadingViewModel.swift; sourceTree = "<group>"; };
		FFF0C5132DE8FED10025B01B /* Feed.xcstrings */ = {isa = PBXFileReference; lastKnownFileType = text.json.xcstrings; path = Feed.xcstrings; sourceTree = "<group>"; };
		FFF0C5152DE900A80025B01B /* FeedViewControllerTests+Localization.swift */ = {isa = PBXFileReference; lastKnownFileType = sourcecode.swift; path = "FeedViewControllerTests+Localization.swift"; sourceTree = "<group>"; };
/* End PBXFileReference section */

/* Begin PBXFrameworksBuildPhase section */
		971A66542B25F57500125DAC /* Frameworks */ = {
			isa = PBXFrameworksBuildPhase;
			buildActionMask = 2147483647;
			files = (
			);
			runOnlyForDeploymentPostprocessing = 0;
		};
		971A665C2B25F57600125DAC /* Frameworks */ = {
			isa = PBXFrameworksBuildPhase;
			buildActionMask = 2147483647;
			files = (
				971A66602B25F57600125DAC /* EssentialFeed.framework in Frameworks */,
			);
			runOnlyForDeploymentPostprocessing = 0;
		};
		9723E7EC2C07CB42001051A8 /* Frameworks */ = {
			isa = PBXFrameworksBuildPhase;
			buildActionMask = 2147483647;
			files = (
				97A882FC2C091E1700397A0D /* EssentialFeed.framework in Frameworks */,
			);
			runOnlyForDeploymentPostprocessing = 0;
		};
		9723E7F32C07CB43001051A8 /* Frameworks */ = {
			isa = PBXFrameworksBuildPhase;
			buildActionMask = 2147483647;
			files = (
				9723E7F72C07CB43001051A8 /* EssentialFeediOS.framework in Frameworks */,
			);
			runOnlyForDeploymentPostprocessing = 0;
		};
		979C0FF42C020AE30069A60E /* Frameworks */ = {
			isa = PBXFrameworksBuildPhase;
			buildActionMask = 2147483647;
			files = (
				979C0FFB2C020AE30069A60E /* EssentialFeed.framework in Frameworks */,
			);
			runOnlyForDeploymentPostprocessing = 0;
		};
		97F224312BFBDB5700B656FF /* Frameworks */ = {
			isa = PBXFrameworksBuildPhase;
			buildActionMask = 2147483647;
			files = (
				97F224382BFBDB5700B656FF /* EssentialFeed.framework in Frameworks */,
			);
			runOnlyForDeploymentPostprocessing = 0;
		};
/* End PBXFrameworksBuildPhase section */

/* Begin PBXGroup section */
		971A664D2B25F57500125DAC = {
			isa = PBXGroup;
			children = (
				97F57F9C2C07CDE300EEAA7F /* CI_macOS.xctestplan */,
				97F57F9D2C07CE2A00EEAA7F /* CI_iOS.xctestplan */,
				97F2242F2BFBD7B200B656FF /* EssentialFeed.xctestplan */,
				971A66592B25F57500125DAC /* EssentialFeed */,
				971A66632B25F57600125DAC /* EssentialFeedTests */,
				97F224352BFBDB5700B656FF /* EssentialFeedAPIEndToEndTests */,
				979C0FF82C020AE30069A60E /* EssentialFeedCacheIntegrationTests */,
				9723E7F02C07CB43001051A8 /* EssentialFeediOS */,
				9723E7FA2C07CB43001051A8 /* EssentialFeediOSTests */,
				971A66582B25F57500125DAC /* Products */,
				97A882F32C09199700397A0D /* Frameworks */,
			);
			sourceTree = "<group>";
		};
		971A66582B25F57500125DAC /* Products */ = {
			isa = PBXGroup;
			children = (
				971A66572B25F57500125DAC /* EssentialFeed.framework */,
				971A665F2B25F57600125DAC /* EssentialFeedTests.xctest */,
				97F224342BFBDB5700B656FF /* EssentialFeedAPIEndToEndTests.xctest */,
				979C0FF72C020AE30069A60E /* EssentialFeedCacheIntegrationTests.xctest */,
				9723E7EF2C07CB43001051A8 /* EssentialFeediOS.framework */,
				9723E7F62C07CB43001051A8 /* EssentialFeediOSTests.xctest */,
			);
			name = Products;
			sourceTree = "<group>";
		};
		971A66592B25F57500125DAC /* EssentialFeed */ = {
			isa = PBXGroup;
			children = (
				974C42E62BFE43C800BA7100 /* Feed Cache */,
				971A66762B26042F00125DAC /* Feed API */,
				971A66732B25F6F600125DAC /* Feed Feature */,
			);
			path = EssentialFeed;
			sourceTree = "<group>";
		};
		971A66632B25F57600125DAC /* EssentialFeedTests */ = {
			isa = PBXGroup;
			children = (
				97A592882BFA92BD00ED59CA /* Helpers */,
				975AF93B2BFD3C3B0051469D /* Feed Cache */,
				9777FBA92B289405004DF1E3 /* Feed API */,
			);
			path = EssentialFeedTests;
			sourceTree = "<group>";
		};
		971A66732B25F6F600125DAC /* Feed Feature */ = {
			isa = PBXGroup;
			children = (
				971A666F2B25F59D00125DAC /* FeedImage.swift */,
				971A66712B25F65B00125DAC /* FeedLoader.swift */,
			);
			path = "Feed Feature";
			sourceTree = "<group>";
		};
		971A66762B26042F00125DAC /* Feed API */ = {
			isa = PBXGroup;
			children = (
				971A66772B2604F700125DAC /* RemoteFeedLoader.swift */,
				9777FBA52B27BF05004DF1E3 /* HTTPClient.swift */,
				9777FBA72B27BF77004DF1E3 /* FeedItemsMapper.swift */,
				97A5928B2BFAA2DE00ED59CA /* URLSessionHttpClient.swift */,
				9795D6E72BFE898900650FD7 /* RemoteFeedItem.swift */,
			);
			path = "Feed API";
			sourceTree = "<group>";
		};
		9723E7F02C07CB43001051A8 /* EssentialFeediOS */ = {
			isa = PBXGroup;
			children = (
				FF6944782DE3A66D00FB5177 /* Feed Image Loader */,
				FF6944A02DE3A74D00FB5177 /* Feed Presentation */,
				FF6944862DE3A67900FB5177 /* Feed UI */,
			);
			path = EssentialFeediOS;
			sourceTree = "<group>";
		};
		9723E7FA2C07CB43001051A8 /* EssentialFeediOSTests */ = {
			isa = PBXGroup;
			children = (
				97688A142C0916F300BD2912 /* FeedUIIntergrationTests.swift */,
				FF6944972DE3A67C00FB5177 /* Helpers */,
				97A882FB2C091DF300397A0D /* EssentialFeediOS.xctestplan */,
			);
			path = EssentialFeediOSTests;
			sourceTree = "<group>";
		};
		974C42E62BFE43C800BA7100 /* Feed Cache */ = {
			isa = PBXGroup;
			children = (
				979C10062C020EF90069A60E /* Helpers */,
				974C42E72BFE43D600BA7100 /* LocalFeedLoader.swift */,
				974C42E92BFE446D00BA7100 /* FeedStore.swift */,
				9795D6E92BFE89D700650FD7 /* LocalFeedImage.swift */,
				97356DE32BFFF003007B2149 /* FeedCachePolicy.swift */,
				979C10022C020DFA0069A60E /* CoreDataFeedStore.swift */,
			);
			path = "Feed Cache";
			sourceTree = "<group>";
		};
		975AF93B2BFD3C3B0051469D /* Feed Cache */ = {
			isa = PBXGroup;
			children = (
				9795D6ED2BFE8EDD00650FD7 /* Helpers */,
				975AF93C2BFD3C580051469D /* CacheFeedUseCaseTests.swift */,
				9795D6EB2BFE8DAE00650FD7 /* LoadFeedFromCacheUseCaseTests.swift */,
				97356DDD2BFFE4A0007B2149 /* ValidateFeedCacheUseCaseTests.swift */,
				979C10072C020F6E0069A60E /* CoreDataFeedStoreTests.swift */,
			);
			path = "Feed Cache";
			sourceTree = "<group>";
		};
		9777FBA92B289405004DF1E3 /* Feed API */ = {
			isa = PBXGroup;
			children = (
				971A66742B25F7CE00125DAC /* LoadFeedFromRemoteUseCaseTests.swift */,
				9777FBAA2B2901A2004DF1E3 /* URLSessionHTTPClientTests.swift */,
			);
			path = "Feed API";
			sourceTree = "<group>";
		};
		9795D6ED2BFE8EDD00650FD7 /* Helpers */ = {
			isa = PBXGroup;
			children = (
				979C0FEF2C0202F80069A60E /* FeedStroreSpecs.swift */,
				979C0FF12C0203770069A60E /* XCTestCase+FeedStoreSpecs.swift */,
				9795D6EE2BFE8EEB00650FD7 /* FeedStoreSpy.swift */,
				97356DDF2BFFE812007B2149 /* FeedCacheTestHelpers.swift */,
				979C100C2C0212C00069A60E /* NSManagedObjectContext+Stub.swift */,
				97373F242C021FFE006B2825 /* NSManagedObjectContext+Helpers.swift */,
				9705C19B2C0259610049ECC7 /* NSEntityDescription+Assertions.swift */,
			);
			path = Helpers;
			sourceTree = "<group>";
		};
		979C0FF82C020AE30069A60E /* EssentialFeedCacheIntegrationTests */ = {
			isa = PBXGroup;
			children = (
				979C10012C020B210069A60E /* EssentialFeedCacheIntegrationTests.xctestplan */,
				979C0FF92C020AE30069A60E /* EssentialFeedCacheIntegrationTests.swift */,
			);
			path = EssentialFeedCacheIntegrationTests;
			sourceTree = "<group>";
		};
		979C10062C020EF90069A60E /* Helpers */ = {
			isa = PBXGroup;
			children = (
				979C10092C0211720069A60E /* FeedStore.xcdatamodeld */,
				979C10042C020EEE0069A60E /* CoreDataHelpers.swift */,
			);
			path = Helpers;
			sourceTree = "<group>";
		};
		97A592882BFA92BD00ED59CA /* Helpers */ = {
			isa = PBXGroup;
			children = (
				97A592892BFA92D700ED59CA /* XCTTestCase+MemoryLeakTracking.swift */,
				97356DE12BFFE897007B2149 /* SharedTestHelpers.swift */,
			);
			path = Helpers;
			sourceTree = "<group>";
		};
		97A882F32C09199700397A0D /* Frameworks */ = {
			isa = PBXGroup;
			children = (
				97A882F42C09199700397A0D /* XCTest.framework */,
			);
			name = Frameworks;
			sourceTree = "<group>";
		};
		97F224352BFBDB5700B656FF /* EssentialFeedAPIEndToEndTests */ = {
			isa = PBXGroup;
			children = (
				97BF7C222BFBE35A007CFFC0 /* EssentialFeedAPIEndToEndTests.xctestplan */,
				97F224362BFBDB5700B656FF /* EssentialFeedAPIEndToEndTests.swift */,
			);
			path = EssentialFeedAPIEndToEndTests;
			sourceTree = "<group>";
		};
		FF6944782DE3A66D00FB5177 /* Feed Image Loader */ = {
			isa = PBXGroup;
			children = (
				FF6944772DE3A66D00FB5177 /* FeedImageDataLoader.swift */,
			);
			path = "Feed Image Loader";
			sourceTree = "<group>";
		};
		FF69447B2DE3A67900FB5177 /* Composers */ = {
			isa = PBXGroup;
			children = (
				FF69447A2DE3A67900FB5177 /* FeedUIComposer.swift */,
			);
			path = Composers;
			sourceTree = "<group>";
		};
		FF69447F2DE3A67900FB5177 /* Controllers */ = {
			isa = PBXGroup;
			children = (
				FF69447C2DE3A67900FB5177 /* FeedImageCellController.swift */,
				FF69447E2DE3A67900FB5177 /* FeedViewController.swift */,
			);
			path = Controllers;
			sourceTree = "<group>";
		};
		FF6944852DE3A67900FB5177 /* Views */ = {
			isa = PBXGroup;
			children = (
				FF6944832DE3A67900FB5177 /* FeedImageCell.swift */,
				FF6944842DE3A67900FB5177 /* UIView+Shimmering.swift */,
				FF24CD472DE4F92900347732 /* UITableView+Dequeueing.swift */,
				FF24CD492DE4F99D00347732 /* UIImageView+Animations.swift */,
				FF24CD432DE4EBF900347732 /* Feed.storyboard */,
				FF24CD452DE4ECAC00347732 /* Feed.xcassets */,
			);
			path = Views;
			sourceTree = "<group>";
		};
		FF6944862DE3A67900FB5177 /* Feed UI */ = {
			isa = PBXGroup;
			children = (
				FF69447B2DE3A67900FB5177 /* Composers */,
				FF69447F2DE3A67900FB5177 /* Controllers */,
				FF6944852DE3A67900FB5177 /* Views */,
			);
			path = "Feed UI";
			sourceTree = "<group>";
		};
		FF6944972DE3A67C00FB5177 /* Helpers */ = {
			isa = PBXGroup;
			children = (
				FF69448F2DE3A67C00FB5177 /* FeedImageCell+TestHelpers.swift */,
				FF6944902DE3A67C00FB5177 /* FeedViewController+TestHelpers.swift */,
				FF6944912DE3A67C00FB5177 /* FeedViewControlleTests+Assertions.swift */,
				FF6944922DE3A67C00FB5177 /* LoaderSpy+TestHelpers.swift */,
				FF6944932DE3A67C00FB5177 /* UIButton+TestHelpers.swift */,
				FF6944942DE3A67C00FB5177 /* UIControl+TestHelpers.swift */,
				FF6944952DE3A67C00FB5177 /* UIImage+TestHelpers.swift */,
				FF6944962DE3A67C00FB5177 /* UIRefreshControl+TestHelpers.swift */,
				FFF0C5152DE900A80025B01B /* FeedViewControllerTests+Localization.swift */,
			);
			path = Helpers;
			sourceTree = "<group>";
		};
		FF6944A02DE3A74D00FB5177 /* Feed Presentation */ = {
			isa = PBXGroup;
			children = (
				FF6944A12DE3A7AA00FB5177 /* FeedPresenter.swift */,
				FF6944A72DE3B67A00FB5177 /* FeedLoadingViewModel.swift */,
				FF6944A52DE3B66700FB5177 /* FeedViewModel.swift */,
				FF6944802DE3A67900FB5177 /* FeedImageViewModel.swift */,
				FF6944A32DE3B3E600FB5177 /* FeedImagePresenter.swift */,
				FFF0C5132DE8FED10025B01B /* Feed.xcstrings */,
			);
			path = "Feed Presentation";
			sourceTree = "<group>";
		};
/* End PBXGroup section */

/* Begin PBXHeadersBuildPhase section */
		971A66522B25F57500125DAC /* Headers */ = {
			isa = PBXHeadersBuildPhase;
			buildActionMask = 2147483647;
			files = (
			);
			runOnlyForDeploymentPostprocessing = 0;
		};
		9723E7EA2C07CB42001051A8 /* Headers */ = {
			isa = PBXHeadersBuildPhase;
			buildActionMask = 2147483647;
			files = (
			);
			runOnlyForDeploymentPostprocessing = 0;
		};
/* End PBXHeadersBuildPhase section */

/* Begin PBXNativeTarget section */
		971A66562B25F57500125DAC /* EssentialFeed */ = {
			isa = PBXNativeTarget;
			buildConfigurationList = 971A66692B25F57600125DAC /* Build configuration list for PBXNativeTarget "EssentialFeed" */;
			buildPhases = (
				971A66522B25F57500125DAC /* Headers */,
				971A66532B25F57500125DAC /* Sources */,
				971A66542B25F57500125DAC /* Frameworks */,
				971A66552B25F57500125DAC /* Resources */,
			);
			buildRules = (
			);
			dependencies = (
			);
			name = EssentialFeed;
			productName = EssentialFeed;
			productReference = 971A66572B25F57500125DAC /* EssentialFeed.framework */;
			productType = "com.apple.product-type.framework";
		};
		971A665E2B25F57600125DAC /* EssentialFeedTests */ = {
			isa = PBXNativeTarget;
			buildConfigurationList = 971A666C2B25F57600125DAC /* Build configuration list for PBXNativeTarget "EssentialFeedTests" */;
			buildPhases = (
				971A665B2B25F57600125DAC /* Sources */,
				971A665C2B25F57600125DAC /* Frameworks */,
				971A665D2B25F57600125DAC /* Resources */,
			);
			buildRules = (
			);
			dependencies = (
				971A66622B25F57600125DAC /* PBXTargetDependency */,
			);
			name = EssentialFeedTests;
			productName = EssentialFeedTests;
			productReference = 971A665F2B25F57600125DAC /* EssentialFeedTests.xctest */;
			productType = "com.apple.product-type.bundle.unit-test";
		};
		9723E7EE2C07CB42001051A8 /* EssentialFeediOS */ = {
			isa = PBXNativeTarget;
			buildConfigurationList = 9723E7FE2C07CB43001051A8 /* Build configuration list for PBXNativeTarget "EssentialFeediOS" */;
			buildPhases = (
				9723E7EA2C07CB42001051A8 /* Headers */,
				9723E7EB2C07CB42001051A8 /* Sources */,
				9723E7EC2C07CB42001051A8 /* Frameworks */,
				9723E7ED2C07CB42001051A8 /* Resources */,
				97A883002C091E1700397A0D /* Embed Frameworks */,
			);
			buildRules = (
			);
			dependencies = (
				97A882FF2C091E1700397A0D /* PBXTargetDependency */,
			);
			name = EssentialFeediOS;
			productName = EssentialFeediOS;
			productReference = 9723E7EF2C07CB43001051A8 /* EssentialFeediOS.framework */;
			productType = "com.apple.product-type.framework";
		};
		9723E7F52C07CB43001051A8 /* EssentialFeediOSTests */ = {
			isa = PBXNativeTarget;
			buildConfigurationList = 9723E8012C07CB43001051A8 /* Build configuration list for PBXNativeTarget "EssentialFeediOSTests" */;
			buildPhases = (
				9723E7F22C07CB43001051A8 /* Sources */,
				9723E7F32C07CB43001051A8 /* Frameworks */,
				9723E7F42C07CB43001051A8 /* Resources */,
			);
			buildRules = (
			);
			dependencies = (
				9723E7F92C07CB43001051A8 /* PBXTargetDependency */,
			);
			name = EssentialFeediOSTests;
			productName = EssentialFeediOSTests;
			productReference = 9723E7F62C07CB43001051A8 /* EssentialFeediOSTests.xctest */;
			productType = "com.apple.product-type.bundle.unit-test";
		};
		979C0FF62C020AE30069A60E /* EssentialFeedCacheIntegrationTests */ = {
			isa = PBXNativeTarget;
			buildConfigurationList = 979C0FFE2C020AE30069A60E /* Build configuration list for PBXNativeTarget "EssentialFeedCacheIntegrationTests" */;
			buildPhases = (
				979C0FF32C020AE30069A60E /* Sources */,
				979C0FF42C020AE30069A60E /* Frameworks */,
				979C0FF52C020AE30069A60E /* Resources */,
			);
			buildRules = (
			);
			dependencies = (
				979C0FFD2C020AE30069A60E /* PBXTargetDependency */,
			);
			name = EssentialFeedCacheIntegrationTests;
			productName = EssentialFeedCacheIntegrationTests;
			productReference = 979C0FF72C020AE30069A60E /* EssentialFeedCacheIntegrationTests.xctest */;
			productType = "com.apple.product-type.bundle.unit-test";
		};
		97F224332BFBDB5700B656FF /* EssentialFeedAPIEndToEndTests */ = {
			isa = PBXNativeTarget;
			buildConfigurationList = 97F2243D2BFBDB5700B656FF /* Build configuration list for PBXNativeTarget "EssentialFeedAPIEndToEndTests" */;
			buildPhases = (
				97F224302BFBDB5700B656FF /* Sources */,
				97F224312BFBDB5700B656FF /* Frameworks */,
				97F224322BFBDB5700B656FF /* Resources */,
			);
			buildRules = (
			);
			dependencies = (
				97F2243A2BFBDB5700B656FF /* PBXTargetDependency */,
			);
			name = EssentialFeedAPIEndToEndTests;
			productName = EssentialFeedAPIEndToEndTests;
			productReference = 97F224342BFBDB5700B656FF /* EssentialFeedAPIEndToEndTests.xctest */;
			productType = "com.apple.product-type.bundle.unit-test";
		};
/* End PBXNativeTarget section */

/* Begin PBXProject section */
		971A664E2B25F57500125DAC /* Project object */ = {
			isa = PBXProject;
			attributes = {
				BuildIndependentTargetsInParallel = 1;
				LastSwiftUpdateCheck = 1540;
				LastUpgradeCheck = 1540;
				TargetAttributes = {
					971A66562B25F57500125DAC = {
						CreatedOnToolsVersion = 15.0.1;
						LastSwiftMigration = 1500;
					};
					971A665E2B25F57600125DAC = {
						CreatedOnToolsVersion = 15.0.1;
					};
					9723E7EE2C07CB42001051A8 = {
						CreatedOnToolsVersion = 15.4;
						LastSwiftMigration = 1540;
					};
					9723E7F52C07CB43001051A8 = {
						CreatedOnToolsVersion = 15.4;
					};
					979C0FF62C020AE30069A60E = {
						CreatedOnToolsVersion = 15.4;
					};
					97F224332BFBDB5700B656FF = {
						CreatedOnToolsVersion = 15.3;
					};
				};
			};
			buildConfigurationList = 971A66512B25F57500125DAC /* Build configuration list for PBXProject "EssentialFeed" */;
			compatibilityVersion = "Xcode 14.0";
			developmentRegion = en;
			hasScannedForEncodings = 0;
			knownRegions = (
				en,
				Base,
			);
			mainGroup = 971A664D2B25F57500125DAC;
			productRefGroup = 971A66582B25F57500125DAC /* Products */;
			projectDirPath = "";
			projectRoot = "";
			targets = (
				971A66562B25F57500125DAC /* EssentialFeed */,
				971A665E2B25F57600125DAC /* EssentialFeedTests */,
				97F224332BFBDB5700B656FF /* EssentialFeedAPIEndToEndTests */,
				979C0FF62C020AE30069A60E /* EssentialFeedCacheIntegrationTests */,
				9723E7EE2C07CB42001051A8 /* EssentialFeediOS */,
				9723E7F52C07CB43001051A8 /* EssentialFeediOSTests */,
			);
		};
/* End PBXProject section */

/* Begin PBXResourcesBuildPhase section */
		971A66552B25F57500125DAC /* Resources */ = {
			isa = PBXResourcesBuildPhase;
			buildActionMask = 2147483647;
			files = (
			);
			runOnlyForDeploymentPostprocessing = 0;
		};
		971A665D2B25F57600125DAC /* Resources */ = {
			isa = PBXResourcesBuildPhase;
			buildActionMask = 2147483647;
			files = (
			);
			runOnlyForDeploymentPostprocessing = 0;
		};
		9723E7ED2C07CB42001051A8 /* Resources */ = {
			isa = PBXResourcesBuildPhase;
			buildActionMask = 2147483647;
			files = (
				FFF0C5142DE8FED10025B01B /* Feed.xcstrings in Resources */,
				FF24CD442DE4EBF900347732 /* Feed.storyboard in Resources */,
				FF24CD462DE4ECAC00347732 /* Feed.xcassets in Resources */,
			);
			runOnlyForDeploymentPostprocessing = 0;
		};
		9723E7F42C07CB43001051A8 /* Resources */ = {
			isa = PBXResourcesBuildPhase;
			buildActionMask = 2147483647;
			files = (
			);
			runOnlyForDeploymentPostprocessing = 0;
		};
		979C0FF52C020AE30069A60E /* Resources */ = {
			isa = PBXResourcesBuildPhase;
			buildActionMask = 2147483647;
			files = (
			);
			runOnlyForDeploymentPostprocessing = 0;
		};
		97F224322BFBDB5700B656FF /* Resources */ = {
			isa = PBXResourcesBuildPhase;
			buildActionMask = 2147483647;
			files = (
			);
			runOnlyForDeploymentPostprocessing = 0;
		};
/* End PBXResourcesBuildPhase section */

/* Begin PBXSourcesBuildPhase section */
		971A66532B25F57500125DAC /* Sources */ = {
			isa = PBXSourcesBuildPhase;
			buildActionMask = 2147483647;
			files = (
				9777FBA82B27BF77004DF1E3 /* FeedItemsMapper.swift in Sources */,
				979C100B2C0211720069A60E /* FeedStore.xcdatamodeld in Sources */,
				971A66722B25F65B00125DAC /* FeedLoader.swift in Sources */,
				9795D6E82BFE898900650FD7 /* RemoteFeedItem.swift in Sources */,
				97356DE42BFFF003007B2149 /* FeedCachePolicy.swift in Sources */,
				979C10052C020EEE0069A60E /* CoreDataHelpers.swift in Sources */,
				971A66782B2604F700125DAC /* RemoteFeedLoader.swift in Sources */,
				9795D6EA2BFE89D700650FD7 /* LocalFeedImage.swift in Sources */,
				974C42EA2BFE446D00BA7100 /* FeedStore.swift in Sources */,
				97A5928C2BFAA2DE00ED59CA /* URLSessionHttpClient.swift in Sources */,
				974C42E82BFE43D600BA7100 /* LocalFeedLoader.swift in Sources */,
				9777FBA62B27BF05004DF1E3 /* HTTPClient.swift in Sources */,
				971A66702B25F59D00125DAC /* FeedImage.swift in Sources */,
				979C10032C020DFA0069A60E /* CoreDataFeedStore.swift in Sources */,
			);
			runOnlyForDeploymentPostprocessing = 0;
		};
		971A665B2B25F57600125DAC /* Sources */ = {
			isa = PBXSourcesBuildPhase;
			buildActionMask = 2147483647;
			files = (
				97373F252C021FFE006B2825 /* NSManagedObjectContext+Helpers.swift in Sources */,
				97356DE02BFFE812007B2149 /* FeedCacheTestHelpers.swift in Sources */,
				979C10082C020F6E0069A60E /* CoreDataFeedStoreTests.swift in Sources */,
				97356DDE2BFFE4A0007B2149 /* ValidateFeedCacheUseCaseTests.swift in Sources */,
				971A66752B25F7CE00125DAC /* LoadFeedFromRemoteUseCaseTests.swift in Sources */,
				9777FBAB2B2901A2004DF1E3 /* URLSessionHTTPClientTests.swift in Sources */,
				979C100D2C0212C00069A60E /* NSManagedObjectContext+Stub.swift in Sources */,
				9705C19C2C0259610049ECC7 /* NSEntityDescription+Assertions.swift in Sources */,
				9795D6EF2BFE8EEB00650FD7 /* FeedStoreSpy.swift in Sources */,
				97356DE22BFFE897007B2149 /* SharedTestHelpers.swift in Sources */,
				975AF93D2BFD3C580051469D /* CacheFeedUseCaseTests.swift in Sources */,
				9795D6EC2BFE8DAE00650FD7 /* LoadFeedFromCacheUseCaseTests.swift in Sources */,
				979C0FF02C0202F80069A60E /* FeedStroreSpecs.swift in Sources */,
				97A5928A2BFA92D700ED59CA /* XCTTestCase+MemoryLeakTracking.swift in Sources */,
				979C0FF22C0203770069A60E /* XCTestCase+FeedStoreSpecs.swift in Sources */,
			);
			runOnlyForDeploymentPostprocessing = 0;
		};
		9723E7EB2C07CB42001051A8 /* Sources */ = {
			isa = PBXSourcesBuildPhase;
			buildActionMask = 2147483647;
			files = (
				FF6944A22DE3A7AA00FB5177 /* FeedPresenter.swift in Sources */,
				FF6944872DE3A67900FB5177 /* FeedUIComposer.swift in Sources */,
				FF6944882DE3A67900FB5177 /* FeedImageCellController.swift in Sources */,
				FF24CD482DE4F92900347732 /* UITableView+Dequeueing.swift in Sources */,
				FF6944A42DE3B3E600FB5177 /* FeedImagePresenter.swift in Sources */,
				FF6944A62DE3B66700FB5177 /* FeedViewModel.swift in Sources */,
				FF69448A2DE3A67900FB5177 /* FeedViewController.swift in Sources */,
				FF24CD4A2DE4F9A300347732 /* UIImageView+Animations.swift in Sources */,
				FF6944A82DE3B67A00FB5177 /* FeedLoadingViewModel.swift in Sources */,
				FF69448B2DE3A67900FB5177 /* FeedImageViewModel.swift in Sources */,
				FF69448D2DE3A67900FB5177 /* FeedImageCell.swift in Sources */,
				FF69448E2DE3A67900FB5177 /* UIView+Shimmering.swift in Sources */,
				FF6944792DE3A66D00FB5177 /* FeedImageDataLoader.swift in Sources */,
			);
			runOnlyForDeploymentPostprocessing = 0;
		};
		9723E7F22C07CB43001051A8 /* Sources */ = {
			isa = PBXSourcesBuildPhase;
			buildActionMask = 2147483647;
			files = (
				97A883012C091E6600397A0D /* XCTTestCase+MemoryLeakTracking.swift in Sources */,
				97A882FA2C091DC400397A0D /* FeedUIIntergrationTests.swift in Sources */,
				FF6944982DE3A67C00FB5177 /* FeedImageCell+TestHelpers.swift in Sources */,
				FF6944992DE3A67C00FB5177 /* FeedViewController+TestHelpers.swift in Sources */,
				FF69449A2DE3A67C00FB5177 /* FeedViewControlleTests+Assertions.swift in Sources */,
				FF69449B2DE3A67C00FB5177 /* LoaderSpy+TestHelpers.swift in Sources */,
				FF69449C2DE3A67C00FB5177 /* UIButton+TestHelpers.swift in Sources */,
				FF69449D2DE3A67C00FB5177 /* UIControl+TestHelpers.swift in Sources */,
				FF69449E2DE3A67C00FB5177 /* UIImage+TestHelpers.swift in Sources */,
				FF69449F2DE3A67C00FB5177 /* UIRefreshControl+TestHelpers.swift in Sources */,
				FFF0C5162DE900A80025B01B /* FeedViewControllerTests+Localization.swift in Sources */,
			);
			runOnlyForDeploymentPostprocessing = 0;
		};
		979C0FF32C020AE30069A60E /* Sources */ = {
			isa = PBXSourcesBuildPhase;
			buildActionMask = 2147483647;
			files = (
				977617E42C05275000AEBB51 /* SharedTestHelpers.swift in Sources */,
				977617E22C051FED00AEBB51 /* XCTTestCase+MemoryLeakTracking.swift in Sources */,
				977617E32C05273800AEBB51 /* FeedCacheTestHelpers.swift in Sources */,
				979C0FFA2C020AE30069A60E /* EssentialFeedCacheIntegrationTests.swift in Sources */,
			);
			runOnlyForDeploymentPostprocessing = 0;
		};
		97F224302BFBDB5700B656FF /* Sources */ = {
			isa = PBXSourcesBuildPhase;
			buildActionMask = 2147483647;
			files = (
				97F2243E2BFBE24000B656FF /* XCTTestCase+MemoryLeakTracking.swift in Sources */,
				97F224372BFBDB5700B656FF /* EssentialFeedAPIEndToEndTests.swift in Sources */,
			);
			runOnlyForDeploymentPostprocessing = 0;
		};
/* End PBXSourcesBuildPhase section */

/* Begin PBXTargetDependency section */
		971A66622B25F57600125DAC /* PBXTargetDependency */ = {
			isa = PBXTargetDependency;
			target = 971A66562B25F57500125DAC /* EssentialFeed */;
			targetProxy = 971A66612B25F57600125DAC /* PBXContainerItemProxy */;
		};
		9723E7F92C07CB43001051A8 /* PBXTargetDependency */ = {
			isa = PBXTargetDependency;
			target = 9723E7EE2C07CB42001051A8 /* EssentialFeediOS */;
			targetProxy = 9723E7F82C07CB43001051A8 /* PBXContainerItemProxy */;
		};
		979C0FFD2C020AE30069A60E /* PBXTargetDependency */ = {
			isa = PBXTargetDependency;
			target = 971A66562B25F57500125DAC /* EssentialFeed */;
			targetProxy = 979C0FFC2C020AE30069A60E /* PBXContainerItemProxy */;
		};
		97A882FF2C091E1700397A0D /* PBXTargetDependency */ = {
			isa = PBXTargetDependency;
			platformFilter = ios;
			target = 971A66562B25F57500125DAC /* EssentialFeed */;
			targetProxy = 97A882FE2C091E1700397A0D /* PBXContainerItemProxy */;
		};
		97F2243A2BFBDB5700B656FF /* PBXTargetDependency */ = {
			isa = PBXTargetDependency;
			target = 971A66562B25F57500125DAC /* EssentialFeed */;
			targetProxy = 97F224392BFBDB5700B656FF /* PBXContainerItemProxy */;
		};
/* End PBXTargetDependency section */

/* Begin XCBuildConfiguration section */
		971A66672B25F57600125DAC /* Debug */ = {
			isa = XCBuildConfiguration;
			buildSettings = {
				ALWAYS_SEARCH_USER_PATHS = NO;
				ASSETCATALOG_COMPILER_GENERATE_SWIFT_ASSET_SYMBOL_EXTENSIONS = YES;
				CLANG_ANALYZER_NONNULL = YES;
				CLANG_ANALYZER_NUMBER_OBJECT_CONVERSION = YES_AGGRESSIVE;
				CLANG_CXX_LANGUAGE_STANDARD = "gnu++20";
				CLANG_ENABLE_MODULES = YES;
				CLANG_ENABLE_OBJC_ARC = YES;
				CLANG_ENABLE_OBJC_WEAK = YES;
				CLANG_WARN_BLOCK_CAPTURE_AUTORELEASING = YES;
				CLANG_WARN_BOOL_CONVERSION = YES;
				CLANG_WARN_COMMA = YES;
				CLANG_WARN_CONSTANT_CONVERSION = YES;
				CLANG_WARN_DEPRECATED_OBJC_IMPLEMENTATIONS = YES;
				CLANG_WARN_DIRECT_OBJC_ISA_USAGE = YES_ERROR;
				CLANG_WARN_DOCUMENTATION_COMMENTS = YES;
				CLANG_WARN_EMPTY_BODY = YES;
				CLANG_WARN_ENUM_CONVERSION = YES;
				CLANG_WARN_INFINITE_RECURSION = YES;
				CLANG_WARN_INT_CONVERSION = YES;
				CLANG_WARN_NON_LITERAL_NULL_CONVERSION = YES;
				CLANG_WARN_OBJC_IMPLICIT_RETAIN_SELF = YES;
				CLANG_WARN_OBJC_LITERAL_CONVERSION = YES;
				CLANG_WARN_OBJC_ROOT_CLASS = YES_ERROR;
				CLANG_WARN_QUOTED_INCLUDE_IN_FRAMEWORK_HEADER = YES;
				CLANG_WARN_RANGE_LOOP_ANALYSIS = YES;
				CLANG_WARN_STRICT_PROTOTYPES = YES;
				CLANG_WARN_SUSPICIOUS_MOVE = YES;
				CLANG_WARN_UNGUARDED_AVAILABILITY = YES_AGGRESSIVE;
				CLANG_WARN_UNREACHABLE_CODE = YES;
				CLANG_WARN__DUPLICATE_METHOD_MATCH = YES;
				COPY_PHASE_STRIP = NO;
				CURRENT_PROJECT_VERSION = 1;
				DEAD_CODE_STRIPPING = YES;
				DEBUG_INFORMATION_FORMAT = dwarf;
				ENABLE_STRICT_OBJC_MSGSEND = YES;
				ENABLE_TESTABILITY = YES;
				ENABLE_USER_SCRIPT_SANDBOXING = YES;
				GCC_C_LANGUAGE_STANDARD = gnu17;
				GCC_DYNAMIC_NO_PIC = NO;
				GCC_NO_COMMON_BLOCKS = YES;
				GCC_OPTIMIZATION_LEVEL = 0;
				GCC_PREPROCESSOR_DEFINITIONS = (
					"DEBUG=1",
					"$(inherited)",
				);
				GCC_WARN_64_TO_32_BIT_CONVERSION = YES;
				GCC_WARN_ABOUT_RETURN_TYPE = YES_ERROR;
				GCC_WARN_UNDECLARED_SELECTOR = YES;
				GCC_WARN_UNINITIALIZED_AUTOS = YES_AGGRESSIVE;
				GCC_WARN_UNUSED_FUNCTION = YES;
				GCC_WARN_UNUSED_VARIABLE = YES;
				LOCALIZATION_PREFERS_STRING_CATALOGS = YES;
				MACOSX_DEPLOYMENT_TARGET = 13.5;
				MTL_ENABLE_DEBUG_INFO = INCLUDE_SOURCE;
				MTL_FAST_MATH = YES;
				ONLY_ACTIVE_ARCH = YES;
				SDKROOT = macosx;
				SWIFT_ACTIVE_COMPILATION_CONDITIONS = "DEBUG $(inherited)";
				SWIFT_EMIT_LOC_STRINGS = YES;
				SWIFT_OPTIMIZATION_LEVEL = "-Onone";
				VERSIONING_SYSTEM = "apple-generic";
				VERSION_INFO_PREFIX = "";
			};
			name = Debug;
		};
		971A66682B25F57600125DAC /* Release */ = {
			isa = XCBuildConfiguration;
			buildSettings = {
				ALWAYS_SEARCH_USER_PATHS = NO;
				ASSETCATALOG_COMPILER_GENERATE_SWIFT_ASSET_SYMBOL_EXTENSIONS = YES;
				CLANG_ANALYZER_NONNULL = YES;
				CLANG_ANALYZER_NUMBER_OBJECT_CONVERSION = YES_AGGRESSIVE;
				CLANG_CXX_LANGUAGE_STANDARD = "gnu++20";
				CLANG_ENABLE_MODULES = YES;
				CLANG_ENABLE_OBJC_ARC = YES;
				CLANG_ENABLE_OBJC_WEAK = YES;
				CLANG_WARN_BLOCK_CAPTURE_AUTORELEASING = YES;
				CLANG_WARN_BOOL_CONVERSION = YES;
				CLANG_WARN_COMMA = YES;
				CLANG_WARN_CONSTANT_CONVERSION = YES;
				CLANG_WARN_DEPRECATED_OBJC_IMPLEMENTATIONS = YES;
				CLANG_WARN_DIRECT_OBJC_ISA_USAGE = YES_ERROR;
				CLANG_WARN_DOCUMENTATION_COMMENTS = YES;
				CLANG_WARN_EMPTY_BODY = YES;
				CLANG_WARN_ENUM_CONVERSION = YES;
				CLANG_WARN_INFINITE_RECURSION = YES;
				CLANG_WARN_INT_CONVERSION = YES;
				CLANG_WARN_NON_LITERAL_NULL_CONVERSION = YES;
				CLANG_WARN_OBJC_IMPLICIT_RETAIN_SELF = YES;
				CLANG_WARN_OBJC_LITERAL_CONVERSION = YES;
				CLANG_WARN_OBJC_ROOT_CLASS = YES_ERROR;
				CLANG_WARN_QUOTED_INCLUDE_IN_FRAMEWORK_HEADER = YES;
				CLANG_WARN_RANGE_LOOP_ANALYSIS = YES;
				CLANG_WARN_STRICT_PROTOTYPES = YES;
				CLANG_WARN_SUSPICIOUS_MOVE = YES;
				CLANG_WARN_UNGUARDED_AVAILABILITY = YES_AGGRESSIVE;
				CLANG_WARN_UNREACHABLE_CODE = YES;
				CLANG_WARN__DUPLICATE_METHOD_MATCH = YES;
				COPY_PHASE_STRIP = NO;
				CURRENT_PROJECT_VERSION = 1;
				DEAD_CODE_STRIPPING = YES;
				DEBUG_INFORMATION_FORMAT = "dwarf-with-dsym";
				ENABLE_NS_ASSERTIONS = NO;
				ENABLE_STRICT_OBJC_MSGSEND = YES;
				ENABLE_USER_SCRIPT_SANDBOXING = YES;
				GCC_C_LANGUAGE_STANDARD = gnu17;
				GCC_NO_COMMON_BLOCKS = YES;
				GCC_WARN_64_TO_32_BIT_CONVERSION = YES;
				GCC_WARN_ABOUT_RETURN_TYPE = YES_ERROR;
				GCC_WARN_UNDECLARED_SELECTOR = YES;
				GCC_WARN_UNINITIALIZED_AUTOS = YES_AGGRESSIVE;
				GCC_WARN_UNUSED_FUNCTION = YES;
				GCC_WARN_UNUSED_VARIABLE = YES;
				LOCALIZATION_PREFERS_STRING_CATALOGS = YES;
				MACOSX_DEPLOYMENT_TARGET = 13.5;
				MTL_ENABLE_DEBUG_INFO = NO;
				MTL_FAST_MATH = YES;
				SDKROOT = macosx;
				SWIFT_COMPILATION_MODE = wholemodule;
				SWIFT_EMIT_LOC_STRINGS = YES;
				VERSIONING_SYSTEM = "apple-generic";
				VERSION_INFO_PREFIX = "";
			};
			name = Release;
		};
		971A666A2B25F57600125DAC /* Debug */ = {
			isa = XCBuildConfiguration;
			buildSettings = {
				CLANG_ENABLE_MODULES = YES;
				CODE_SIGN_IDENTITY = "";
				CODE_SIGN_STYLE = Automatic;
				COMBINE_HIDPI_IMAGES = YES;
				CURRENT_PROJECT_VERSION = 1;
				DEAD_CODE_STRIPPING = YES;
				DEFINES_MODULE = YES;
				DEVELOPMENT_TEAM = ZW8WAFRA58;
				DYLIB_COMPATIBILITY_VERSION = 1;
				DYLIB_CURRENT_VERSION = 1;
				DYLIB_INSTALL_NAME_BASE = "@rpath";
				ENABLE_MODULE_VERIFIER = YES;
				GENERATE_INFOPLIST_FILE = YES;
				INFOPLIST_KEY_NSHumanReadableCopyright = "";
				INSTALL_PATH = "$(LOCAL_LIBRARY_DIR)/Frameworks";
				IPHONEOS_DEPLOYMENT_TARGET = 17.6;
				LD_RUNPATH_SEARCH_PATHS = (
					"$(inherited)",
					"@executable_path/../Frameworks",
					"@loader_path/Frameworks",
				);
				MARKETING_VERSION = 1.0;
				MODULE_VERIFIER_SUPPORTED_LANGUAGES = "objective-c objective-c++";
				MODULE_VERIFIER_SUPPORTED_LANGUAGE_STANDARDS = "gnu17 gnu++20";
				PRODUCT_BUNDLE_IDENTIFIER = com.riskov.EssentialFeed;
				PRODUCT_NAME = "$(TARGET_NAME:c99extidentifier)";
				SKIP_INSTALL = YES;
				SUPPORTED_PLATFORMS = "iphoneos iphonesimulator macosx";
				SUPPORTS_MACCATALYST = NO;
				SWIFT_EMIT_LOC_STRINGS = YES;
				SWIFT_OPTIMIZATION_LEVEL = "-Onone";
				SWIFT_VERSION = 5.0;
				TARGETED_DEVICE_FAMILY = 1;
			};
			name = Debug;
		};
		971A666B2B25F57600125DAC /* Release */ = {
			isa = XCBuildConfiguration;
			buildSettings = {
				CLANG_ENABLE_MODULES = YES;
				CODE_SIGN_IDENTITY = "";
				CODE_SIGN_STYLE = Automatic;
				COMBINE_HIDPI_IMAGES = YES;
				CURRENT_PROJECT_VERSION = 1;
				DEAD_CODE_STRIPPING = YES;
				DEFINES_MODULE = YES;
				DEVELOPMENT_TEAM = ZW8WAFRA58;
				DYLIB_COMPATIBILITY_VERSION = 1;
				DYLIB_CURRENT_VERSION = 1;
				DYLIB_INSTALL_NAME_BASE = "@rpath";
				ENABLE_MODULE_VERIFIER = YES;
				GENERATE_INFOPLIST_FILE = YES;
				INFOPLIST_KEY_NSHumanReadableCopyright = "";
				INSTALL_PATH = "$(LOCAL_LIBRARY_DIR)/Frameworks";
				IPHONEOS_DEPLOYMENT_TARGET = 17.6;
				LD_RUNPATH_SEARCH_PATHS = (
					"$(inherited)",
					"@executable_path/../Frameworks",
					"@loader_path/Frameworks",
				);
				MARKETING_VERSION = 1.0;
				MODULE_VERIFIER_SUPPORTED_LANGUAGES = "objective-c objective-c++";
				MODULE_VERIFIER_SUPPORTED_LANGUAGE_STANDARDS = "gnu17 gnu++20";
				PRODUCT_BUNDLE_IDENTIFIER = com.riskov.EssentialFeed;
				PRODUCT_NAME = "$(TARGET_NAME:c99extidentifier)";
				SKIP_INSTALL = YES;
				SUPPORTED_PLATFORMS = "iphoneos iphonesimulator macosx";
				SUPPORTS_MACCATALYST = NO;
				SWIFT_EMIT_LOC_STRINGS = YES;
				SWIFT_VERSION = 5.0;
				TARGETED_DEVICE_FAMILY = 1;
			};
			name = Release;
		};
		971A666D2B25F57600125DAC /* Debug */ = {
			isa = XCBuildConfiguration;
			buildSettings = {
				ALWAYS_EMBED_SWIFT_STANDARD_LIBRARIES = YES;
				CODE_SIGN_STYLE = Automatic;
				CURRENT_PROJECT_VERSION = 1;
				DEAD_CODE_STRIPPING = YES;
				DEVELOPMENT_TEAM = ZW8WAFRA58;
				GENERATE_INFOPLIST_FILE = YES;
				IPHONEOS_DEPLOYMENT_TARGET = 17.6;
				MARKETING_VERSION = 1.0;
				PRODUCT_BUNDLE_IDENTIFIER = com.riskov.EssentialFeedTests;
				PRODUCT_NAME = "$(TARGET_NAME)";
				SUPPORTED_PLATFORMS = "iphoneos iphonesimulator macosx";
				SUPPORTS_MACCATALYST = NO;
				SWIFT_EMIT_LOC_STRINGS = NO;
				SWIFT_VERSION = 5.0;
				TARGETED_DEVICE_FAMILY = 1;
			};
			name = Debug;
		};
		971A666E2B25F57600125DAC /* Release */ = {
			isa = XCBuildConfiguration;
			buildSettings = {
				ALWAYS_EMBED_SWIFT_STANDARD_LIBRARIES = YES;
				CODE_SIGN_STYLE = Automatic;
				CURRENT_PROJECT_VERSION = 1;
				DEAD_CODE_STRIPPING = YES;
				DEVELOPMENT_TEAM = ZW8WAFRA58;
				GENERATE_INFOPLIST_FILE = YES;
				IPHONEOS_DEPLOYMENT_TARGET = 17.6;
				MARKETING_VERSION = 1.0;
				PRODUCT_BUNDLE_IDENTIFIER = com.riskov.EssentialFeedTests;
				PRODUCT_NAME = "$(TARGET_NAME)";
				SUPPORTED_PLATFORMS = "iphoneos iphonesimulator macosx";
				SUPPORTS_MACCATALYST = NO;
				SWIFT_EMIT_LOC_STRINGS = NO;
				SWIFT_VERSION = 5.0;
				TARGETED_DEVICE_FAMILY = 1;
			};
			name = Release;
		};
		9723E7FF2C07CB43001051A8 /* Debug */ = {
			isa = XCBuildConfiguration;
			buildSettings = {
				BUILD_LIBRARY_FOR_DISTRIBUTION = NO;
				CLANG_ENABLE_MODULES = YES;
				CODE_SIGN_IDENTITY = "";
				CODE_SIGN_STYLE = Automatic;
				CURRENT_PROJECT_VERSION = 1;
				DEFINES_MODULE = NO;
				DEVELOPMENT_TEAM = ZW8WAFRA58;
				DYLIB_COMPATIBILITY_VERSION = 1;
				DYLIB_CURRENT_VERSION = 1;
				DYLIB_INSTALL_NAME_BASE = "@rpath";
				ENABLE_MODULE_VERIFIER = YES;
				GENERATE_INFOPLIST_FILE = YES;
				INFOPLIST_KEY_NSHumanReadableCopyright = "";
				INSTALL_PATH = "$(LOCAL_LIBRARY_DIR)/Frameworks";
				IPHONEOS_DEPLOYMENT_TARGET = 17.6;
				LD_RUNPATH_SEARCH_PATHS = (
					"$(inherited)",
					"@executable_path/Frameworks",
					"@loader_path/Frameworks",
				);
				MARKETING_VERSION = 1.0;
				MODULE_VERIFIER_SUPPORTED_LANGUAGES = "objective-c objective-c++";
				MODULE_VERIFIER_SUPPORTED_LANGUAGE_STANDARDS = "gnu17 gnu++20";
				ONLY_ACTIVE_ARCH = NO;
				PRODUCT_BUNDLE_IDENTIFIER = com.riskov.EssentialFeediOS;
				PRODUCT_NAME = "$(TARGET_NAME:c99extidentifier)";
				SDKROOT = iphoneos;
				SKIP_INSTALL = YES;
				SWIFT_EMIT_LOC_STRINGS = YES;
				SWIFT_INSTALL_OBJC_HEADER = NO;
				SWIFT_OPTIMIZATION_LEVEL = "-Onone";
				SWIFT_VERSION = 5.0;
				SYSTEM_FRAMEWORK_SEARCH_PATHS = "";
				TARGETED_DEVICE_FAMILY = "1,2";
			};
			name = Debug;
		};
		9723E8002C07CB43001051A8 /* Release */ = {
			isa = XCBuildConfiguration;
			buildSettings = {
				BUILD_LIBRARY_FOR_DISTRIBUTION = NO;
				CLANG_ENABLE_MODULES = YES;
				CODE_SIGN_IDENTITY = "";
				CODE_SIGN_STYLE = Automatic;
				CURRENT_PROJECT_VERSION = 1;
				DEFINES_MODULE = NO;
				DEVELOPMENT_TEAM = ZW8WAFRA58;
				DYLIB_COMPATIBILITY_VERSION = 1;
				DYLIB_CURRENT_VERSION = 1;
				DYLIB_INSTALL_NAME_BASE = "@rpath";
				ENABLE_MODULE_VERIFIER = YES;
				GENERATE_INFOPLIST_FILE = YES;
				INFOPLIST_KEY_NSHumanReadableCopyright = "";
				INSTALL_PATH = "$(LOCAL_LIBRARY_DIR)/Frameworks";
				IPHONEOS_DEPLOYMENT_TARGET = 17.6;
				LD_RUNPATH_SEARCH_PATHS = (
					"$(inherited)",
					"@executable_path/Frameworks",
					"@loader_path/Frameworks",
				);
				MARKETING_VERSION = 1.0;
				MODULE_VERIFIER_SUPPORTED_LANGUAGES = "objective-c objective-c++";
				MODULE_VERIFIER_SUPPORTED_LANGUAGE_STANDARDS = "gnu17 gnu++20";
				PRODUCT_BUNDLE_IDENTIFIER = com.riskov.EssentialFeediOS;
				PRODUCT_NAME = "$(TARGET_NAME:c99extidentifier)";
				SDKROOT = iphoneos;
				SKIP_INSTALL = YES;
				SWIFT_EMIT_LOC_STRINGS = YES;
				SWIFT_INSTALL_OBJC_HEADER = NO;
				SWIFT_VERSION = 5.0;
				SYSTEM_FRAMEWORK_SEARCH_PATHS = "";
				TARGETED_DEVICE_FAMILY = "1,2";
				VALIDATE_PRODUCT = YES;
			};
			name = Release;
		};
		9723E8022C07CB43001051A8 /* Debug */ = {
			isa = XCBuildConfiguration;
			buildSettings = {
				ALWAYS_EMBED_SWIFT_STANDARD_LIBRARIES = YES;
				CODE_SIGN_STYLE = Automatic;
				CURRENT_PROJECT_VERSION = 1;
				DEVELOPMENT_TEAM = ZW8WAFRA58;
				GENERATE_INFOPLIST_FILE = YES;
				IPHONEOS_DEPLOYMENT_TARGET = 17.6;
				MARKETING_VERSION = 1.0;
				PRODUCT_BUNDLE_IDENTIFIER = com.riskov.EssentialFeediOSTests;
				PRODUCT_NAME = "$(TARGET_NAME)";
				SDKROOT = iphoneos;
				SWIFT_EMIT_LOC_STRINGS = NO;
				SWIFT_VERSION = 5.0;
				TARGETED_DEVICE_FAMILY = "1,2";
			};
			name = Debug;
		};
		9723E8032C07CB43001051A8 /* Release */ = {
			isa = XCBuildConfiguration;
			buildSettings = {
				ALWAYS_EMBED_SWIFT_STANDARD_LIBRARIES = YES;
				CODE_SIGN_STYLE = Automatic;
				CURRENT_PROJECT_VERSION = 1;
				DEVELOPMENT_TEAM = ZW8WAFRA58;
				GENERATE_INFOPLIST_FILE = YES;
				IPHONEOS_DEPLOYMENT_TARGET = 17.6;
				MARKETING_VERSION = 1.0;
				PRODUCT_BUNDLE_IDENTIFIER = com.riskov.EssentialFeediOSTests;
				PRODUCT_NAME = "$(TARGET_NAME)";
				SDKROOT = iphoneos;
				SWIFT_EMIT_LOC_STRINGS = NO;
				SWIFT_VERSION = 5.0;
				TARGETED_DEVICE_FAMILY = "1,2";
				VALIDATE_PRODUCT = YES;
			};
			name = Release;
		};
		979C0FFF2C020AE30069A60E /* Debug */ = {
			isa = XCBuildConfiguration;
			buildSettings = {
				CODE_SIGN_STYLE = Automatic;
				CURRENT_PROJECT_VERSION = 1;
				DEAD_CODE_STRIPPING = YES;
				DEVELOPMENT_TEAM = ZW8WAFRA58;
				GENERATE_INFOPLIST_FILE = YES;
				IPHONEOS_DEPLOYMENT_TARGET = 17.6;
				MACOSX_DEPLOYMENT_TARGET = 14.2;
				MARKETING_VERSION = 1.0;
				PRODUCT_BUNDLE_IDENTIFIER = com.riskov.EssentialFeedCacheIntegrationTests;
				PRODUCT_NAME = "$(TARGET_NAME)";
				SUPPORTED_PLATFORMS = "iphoneos iphonesimulator macosx";
				SUPPORTS_MACCATALYST = NO;
				SWIFT_EMIT_LOC_STRINGS = NO;
				SWIFT_VERSION = 5.0;
				TARGETED_DEVICE_FAMILY = 1;
			};
			name = Debug;
		};
		979C10002C020AE30069A60E /* Release */ = {
			isa = XCBuildConfiguration;
			buildSettings = {
				CODE_SIGN_STYLE = Automatic;
				CURRENT_PROJECT_VERSION = 1;
				DEAD_CODE_STRIPPING = YES;
				DEVELOPMENT_TEAM = ZW8WAFRA58;
				GENERATE_INFOPLIST_FILE = YES;
				IPHONEOS_DEPLOYMENT_TARGET = 17.6;
				MACOSX_DEPLOYMENT_TARGET = 14.2;
				MARKETING_VERSION = 1.0;
				PRODUCT_BUNDLE_IDENTIFIER = com.riskov.EssentialFeedCacheIntegrationTests;
				PRODUCT_NAME = "$(TARGET_NAME)";
				SUPPORTED_PLATFORMS = "iphoneos iphonesimulator macosx";
				SUPPORTS_MACCATALYST = NO;
				SWIFT_EMIT_LOC_STRINGS = NO;
				SWIFT_VERSION = 5.0;
				TARGETED_DEVICE_FAMILY = 1;
			};
			name = Release;
		};
		97F2243B2BFBDB5700B656FF /* Debug */ = {
			isa = XCBuildConfiguration;
			buildSettings = {
				CODE_SIGN_STYLE = Automatic;
				CURRENT_PROJECT_VERSION = 1;
				DEAD_CODE_STRIPPING = YES;
				DEVELOPMENT_TEAM = ZW8WAFRA58;
				GENERATE_INFOPLIST_FILE = YES;
				IPHONEOS_DEPLOYMENT_TARGET = 17.6;
				MACOSX_DEPLOYMENT_TARGET = 14.2;
				MARKETING_VERSION = 1.0;
				PRODUCT_BUNDLE_IDENTIFIER = com.riskov.EssentialFeedAPIEndToEndTests;
				PRODUCT_NAME = "$(TARGET_NAME)";
				SUPPORTED_PLATFORMS = "iphoneos iphonesimulator macosx";
				SUPPORTS_MACCATALYST = NO;
				SWIFT_EMIT_LOC_STRINGS = NO;
				SWIFT_VERSION = 5.0;
				TARGETED_DEVICE_FAMILY = 1;
			};
			name = Debug;
		};
		97F2243C2BFBDB5700B656FF /* Release */ = {
			isa = XCBuildConfiguration;
			buildSettings = {
				CODE_SIGN_STYLE = Automatic;
				CURRENT_PROJECT_VERSION = 1;
				DEAD_CODE_STRIPPING = YES;
				DEVELOPMENT_TEAM = ZW8WAFRA58;
				GENERATE_INFOPLIST_FILE = YES;
				IPHONEOS_DEPLOYMENT_TARGET = 17.6;
				MACOSX_DEPLOYMENT_TARGET = 14.2;
				MARKETING_VERSION = 1.0;
				PRODUCT_BUNDLE_IDENTIFIER = com.riskov.EssentialFeedAPIEndToEndTests;
				PRODUCT_NAME = "$(TARGET_NAME)";
				SUPPORTED_PLATFORMS = "iphoneos iphonesimulator macosx";
				SUPPORTS_MACCATALYST = NO;
				SWIFT_EMIT_LOC_STRINGS = NO;
				SWIFT_VERSION = 5.0;
				TARGETED_DEVICE_FAMILY = 1;
			};
			name = Release;
		};
/* End XCBuildConfiguration section */

/* Begin XCConfigurationList section */
		971A66512B25F57500125DAC /* Build configuration list for PBXProject "EssentialFeed" */ = {
			isa = XCConfigurationList;
			buildConfigurations = (
				971A66672B25F57600125DAC /* Debug */,
				971A66682B25F57600125DAC /* Release */,
			);
			defaultConfigurationIsVisible = 0;
			defaultConfigurationName = Release;
		};
		971A66692B25F57600125DAC /* Build configuration list for PBXNativeTarget "EssentialFeed" */ = {
			isa = XCConfigurationList;
			buildConfigurations = (
				971A666A2B25F57600125DAC /* Debug */,
				971A666B2B25F57600125DAC /* Release */,
			);
			defaultConfigurationIsVisible = 0;
			defaultConfigurationName = Release;
		};
		971A666C2B25F57600125DAC /* Build configuration list for PBXNativeTarget "EssentialFeedTests" */ = {
			isa = XCConfigurationList;
			buildConfigurations = (
				971A666D2B25F57600125DAC /* Debug */,
				971A666E2B25F57600125DAC /* Release */,
			);
			defaultConfigurationIsVisible = 0;
			defaultConfigurationName = Release;
		};
		9723E7FE2C07CB43001051A8 /* Build configuration list for PBXNativeTarget "EssentialFeediOS" */ = {
			isa = XCConfigurationList;
			buildConfigurations = (
				9723E7FF2C07CB43001051A8 /* Debug */,
				9723E8002C07CB43001051A8 /* Release */,
			);
			defaultConfigurationIsVisible = 0;
			defaultConfigurationName = Release;
		};
		9723E8012C07CB43001051A8 /* Build configuration list for PBXNativeTarget "EssentialFeediOSTests" */ = {
			isa = XCConfigurationList;
			buildConfigurations = (
				9723E8022C07CB43001051A8 /* Debug */,
				9723E8032C07CB43001051A8 /* Release */,
			);
			defaultConfigurationIsVisible = 0;
			defaultConfigurationName = Release;
		};
		979C0FFE2C020AE30069A60E /* Build configuration list for PBXNativeTarget "EssentialFeedCacheIntegrationTests" */ = {
			isa = XCConfigurationList;
			buildConfigurations = (
				979C0FFF2C020AE30069A60E /* Debug */,
				979C10002C020AE30069A60E /* Release */,
			);
			defaultConfigurationIsVisible = 0;
			defaultConfigurationName = Release;
		};
		97F2243D2BFBDB5700B656FF /* Build configuration list for PBXNativeTarget "EssentialFeedAPIEndToEndTests" */ = {
			isa = XCConfigurationList;
			buildConfigurations = (
				97F2243B2BFBDB5700B656FF /* Debug */,
				97F2243C2BFBDB5700B656FF /* Release */,
			);
			defaultConfigurationIsVisible = 0;
			defaultConfigurationName = Release;
		};
/* End XCConfigurationList section */

/* Begin XCVersionGroup section */
		979C10092C0211720069A60E /* FeedStore.xcdatamodeld */ = {
			isa = XCVersionGroup;
			children = (
				979C100A2C0211720069A60E /* FeedStore.xcdatamodel */,
			);
			currentVersion = 979C100A2C0211720069A60E /* FeedStore.xcdatamodel */;
			path = FeedStore.xcdatamodeld;
			sourceTree = "<group>";
			versionGroupType = wrapper.xcdatamodel;
		};
/* End XCVersionGroup section */
	};
	rootObject = 971A664E2B25F57500125DAC /* Project object */;
}
